{
    "name": "react-codemirror-error",
    "version": "1.0.0",
    "lockfileVersion": 3,
    "requires": true,
    "packages": {
        "": {
            "name": "react-codemirror-error",
            "version": "1.0.0",
            "dependencies": {
                "@codemirror/lang-javascript": "^6.2.1",
                "@uiw/react-codemirror": "^4.21.21",
                "react": "^18.2.0",
                "react-dom": "^18.2.0"
            },
            "devDependencies": {
                "@types/react": "^18.2.42",
                "@types/react-dom": "^18.2.17",
                "typescript": "^5.3.3"
            }
        },
        "node_modules/@babel/runtime": {
            "version": "7.23.5",
            "resolved": "https://registry.npmjs.org/@babel/runtime/-/runtime-7.23.5.tgz",
            "integrity": "sha512-NdUTHcPe4C99WxPub+K9l9tK5/lV4UXIoaHSYgzco9BCyjKAAwzdBI+wWtYqHt7LJdbo74ZjRPJgzVweq1sz0w==",
            "dependencies": {
                "regenerator-runtime": "^0.14.0"
            },
            "engines": {
                "node": ">=6.9.0"
            }
        },
        "node_modules/@codemirror/autocomplete": {
            "version": "6.11.1",
            "resolved": "https://registry.npmjs.org/@codemirror/autocomplete/-/autocomplete-6.11.1.tgz",
            "integrity": "sha512-L5UInv8Ffd6BPw0P3EF7JLYAMeEbclY7+6Q11REt8vhih8RuLreKtPy/xk8wPxs4EQgYqzI7cdgpiYwWlbS/ow==",
            "dependencies": {
                "@codemirror/language": "^6.0.0",
                "@codemirror/state": "^6.0.0",
                "@codemirror/view": "^6.17.0",
                "@lezer/common": "^1.0.0"
            },
            "peerDependencies": {
                "@codemirror/language": "^6.0.0",
                "@codemirror/state": "^6.0.0",
                "@codemirror/view": "^6.0.0",
                "@lezer/common": "^1.0.0"
            }
        },
        "node_modules/@codemirror/commands": {
            "version": "6.3.2",
            "resolved": "https://registry.npmjs.org/@codemirror/commands/-/commands-6.3.2.tgz",
            "integrity": "sha512-tjoi4MCWDNxgIpoLZ7+tezdS9OEB6pkiDKhfKx9ReJ/XBcs2G2RXIu+/FxXBlWsPTsz6C9q/r4gjzrsxpcnqCQ==",
            "dependencies": {
                "@codemirror/language": "^6.0.0",
                "@codemirror/state": "^6.2.0",
                "@codemirror/view": "^6.0.0",
                "@lezer/common": "^1.1.0"
            }
        },
        "node_modules/@codemirror/lang-javascript": {
            "version": "6.2.1",
            "resolved": "https://registry.npmjs.org/@codemirror/lang-javascript/-/lang-javascript-6.2.1.tgz",
            "integrity": "sha512-jlFOXTejVyiQCW3EQwvKH0m99bUYIw40oPmFjSX2VS78yzfe0HELZ+NEo9Yfo1MkGRpGlj3Gnu4rdxV1EnAs5A==",
            "dependencies": {
                "@codemirror/autocomplete": "^6.0.0",
                "@codemirror/language": "^6.6.0",
                "@codemirror/lint": "^6.0.0",
                "@codemirror/state": "^6.0.0",
                "@codemirror/view": "^6.17.0",
                "@lezer/common": "^1.0.0",
                "@lezer/javascript": "^1.0.0"
            }
        },
        "node_modules/@codemirror/language": {
            "version": "6.9.3",
            "resolved": "https://registry.npmjs.org/@codemirror/language/-/language-6.9.3.tgz",
            "integrity": "sha512-qq48pYzoi6ldYWV/52+Z9Ou6QouVI+8YwvxFbUypI33NbjG2UeRHKENRyhwljTTiOqjQ33FjyZj6EREQ9apAOQ==",
            "dependencies": {
                "@codemirror/state": "^6.0.0",
                "@codemirror/view": "^6.0.0",
                "@lezer/common": "^1.1.0",
                "@lezer/highlight": "^1.0.0",
                "@lezer/lr": "^1.0.0",
                "style-mod": "^4.0.0"
            }
        },
        "node_modules/@codemirror/lint": {
            "version": "6.4.2",
            "resolved": "https://registry.npmjs.org/@codemirror/lint/-/lint-6.4.2.tgz",
            "integrity": "sha512-wzRkluWb1ptPKdzlsrbwwjYCPLgzU6N88YBAmlZi8WFyuiEduSd05MnJYNogzyc8rPK7pj6m95ptUApc8sHKVA==",
            "dependencies": {
                "@codemirror/state": "^6.0.0",
                "@codemirror/view": "^6.0.0",
                "crelt": "^1.0.5"
            }
        },
        "node_modules/@codemirror/search": {
            "version": "6.5.5",
            "resolved": "https://registry.npmjs.org/@codemirror/search/-/search-6.5.5.tgz",
            "integrity": "sha512-PIEN3Ke1buPod2EHbJsoQwlbpkz30qGZKcnmH1eihq9+bPQx8gelauUwLYaY4vBOuBAuEhmpDLii4rj/uO0yMA==",
            "dependencies": {
                "@codemirror/state": "^6.0.0",
                "@codemirror/view": "^6.0.0",
                "crelt": "^1.0.5"
            }
        },
        "node_modules/@codemirror/state": {
            "version": "6.3.3",
            "resolved": "https://registry.npmjs.org/@codemirror/state/-/state-6.3.3.tgz",
            "integrity": "sha512-0wufKcTw2dEwEaADajjHf6hBy1sh3M6V0e+q4JKIhLuiMSe5td5HOWpUdvKth1fT1M9VYOboajoBHpkCd7PG7A=="
        },
        "node_modules/@codemirror/theme-one-dark": {
            "version": "6.1.2",
            "resolved": "https://registry.npmjs.org/@codemirror/theme-one-dark/-/theme-one-dark-6.1.2.tgz",
            "integrity": "sha512-F+sH0X16j/qFLMAfbciKTxVOwkdAS336b7AXTKOZhy8BR3eH/RelsnLgLFINrpST63mmN2OuwUt0W2ndUgYwUA==",
            "dependencies": {
                "@codemirror/language": "^6.0.0",
                "@codemirror/state": "^6.0.0",
                "@codemirror/view": "^6.0.0",
                "@lezer/highlight": "^1.0.0"
            }
        },
        "node_modules/@codemirror/view": {
            "version": "6.22.1",
            "resolved": "https://registry.npmjs.org/@codemirror/view/-/view-6.22.1.tgz",
            "integrity": "sha512-38BRn1nPqZqiHbmWfI8zri23IbRVbmSpSmh1E/Ysvc+lIGGdBC17K8zlK7ZU6fhfy9x4De9Zyj5JQqScPq5DkA==",
            "dependencies": {
                "@codemirror/state": "^6.1.4",
                "style-mod": "^4.1.0",
                "w3c-keyname": "^2.2.4"
            }
        },
        "node_modules/@lezer/common": {
            "version": "1.1.1",
            "resolved": "https://registry.npmjs.org/@lezer/common/-/common-1.1.1.tgz",
            "integrity": "sha512-aAPB9YbvZHqAW+bIwiuuTDGB4DG0sYNRObGLxud8cW7osw1ZQxfDuTZ8KQiqfZ0QJGcR34CvpTMDXEyo/+Htgg=="
        },
        "node_modules/@lezer/highlight": {
            "version": "1.2.0",
            "resolved": "https://registry.npmjs.org/@lezer/highlight/-/highlight-1.2.0.tgz",
            "integrity": "sha512-WrS5Mw51sGrpqjlh3d4/fOwpEV2Hd3YOkp9DBt4k8XZQcoTHZFB7sx030A6OcahF4J1nDQAa3jXlTVVYH50IFA==",
            "dependencies": {
                "@lezer/common": "^1.0.0"
            }
        },
        "node_modules/@lezer/javascript": {
            "version": "1.4.10",
            "resolved": "https://registry.npmjs.org/@lezer/javascript/-/javascript-1.4.10.tgz",
            "integrity": "sha512-XJu3fZjHVVjJcRS7kHdwBO50irXc4H8rQwgm6SmT3Y8IHWk7WzpaLsaR2vdr/jSk/J4pQhXc1WLul7jVdxC+0Q==",
            "dependencies": {
                "@lezer/highlight": "^1.1.3",
                "@lezer/lr": "^1.3.0"
            }
        },
        "node_modules/@lezer/lr": {
            "version": "1.3.14",
            "resolved": "https://registry.npmjs.org/@lezer/lr/-/lr-1.3.14.tgz",
            "integrity": "sha512-z5mY4LStlA3yL7aHT/rqgG614cfcvklS+8oFRFBYrs4YaWLJyKKM4+nN6KopToX0o9Hj6zmH6M5kinOYuy06ug==",
            "dependencies": {
                "@lezer/common": "^1.0.0"
            }
        },
        "node_modules/@types/prop-types": {
            "version": "15.7.11",
            "resolved": "https://registry.npmjs.org/@types/prop-types/-/prop-types-15.7.11.tgz",
            "integrity": "sha512-ga8y9v9uyeiLdpKddhxYQkxNDrfvuPrlFb0N1qnZZByvcElJaXthF1UhvCh9TLWJBEHeNtdnbysW7Y6Uq8CVng==",
            "dev": true
        },
        "node_modules/@types/react": {
            "version": "18.2.42",
            "resolved": "https://registry.npmjs.org/@types/react/-/react-18.2.42.tgz",
            "integrity": "sha512-c1zEr96MjakLYus/wPnuWDo1/zErfdU9rNsIGmE+NV71nx88FG9Ttgo5dqorXTu/LImX2f63WBP986gJkMPNbA==",
            "dev": true,
            "dependencies": {
                "@types/prop-types": "*",
                "@types/scheduler": "*",
                "csstype": "^3.0.2"
            }
        },
        "node_modules/@types/react-dom": {
            "version": "18.2.17",
            "resolved": "https://registry.npmjs.org/@types/react-dom/-/react-dom-18.2.17.tgz",
            "integrity": "sha512-rvrT/M7Df5eykWFxn6MYt5Pem/Dbyc1N8Y0S9Mrkw2WFCRiqUgw9P7ul2NpwsXCSM1DVdENzdG9J5SreqfAIWg==",
            "dev": true,
            "dependencies": {
                "@types/react": "*"
            }
        },
        "node_modules/@types/scheduler": {
            "version": "0.16.8",
            "resolved": "https://registry.npmjs.org/@types/scheduler/-/scheduler-0.16.8.tgz",
            "integrity": "sha512-WZLiwShhwLRmeV6zH+GkbOFT6Z6VklCItrDioxUnv+u4Ll+8vKeFySoFyK/0ctcRpOmwAicELfmys1sDc/Rw+A==",
            "dev": true
        },
        "node_modules/@uiw/codemirror-extensions-basic-setup": {
            "version": "4.21.21",
            "resolved": "https://registry.npmjs.org/@uiw/codemirror-extensions-basic-setup/-/codemirror-extensions-basic-setup-4.21.21.tgz",
            "integrity": "sha512-+0i9dPrRSa8Mf0CvyrMvnAhajnqwsP3IMRRlaHDRgsSGL8igc4z7MhvUPn+7cWFAAqWzQRhMdMSWzo6/TEa3EA==",
            "dependencies": {
                "@codemirror/autocomplete": "^6.0.0",
                "@codemirror/commands": "^6.0.0",
                "@codemirror/language": "^6.0.0",
                "@codemirror/lint": "^6.0.0",
                "@codemirror/search": "^6.0.0",
                "@codemirror/state": "^6.0.0",
                "@codemirror/view": "^6.0.0"
            },
            "funding": {
                "url": "https://jaywcjlove.github.io/#/sponsor"
            },
            "peerDependencies": {
                "@codemirror/autocomplete": ">=6.0.0",
                "@codemirror/commands": ">=6.0.0",
                "@codemirror/language": ">=6.0.0",
                "@codemirror/lint": ">=6.0.0",
                "@codemirror/search": ">=6.0.0",
                "@codemirror/state": ">=6.0.0",
                "@codemirror/view": ">=6.0.0"
            }
        },
        "node_modules/@uiw/react-codemirror": {
            "version": "4.21.21",
            "resolved": "https://registry.npmjs.org/@uiw/react-codemirror/-/react-codemirror-4.21.21.tgz",
            "integrity": "sha512-PaxBMarufMWoR0qc5zuvBSt76rJ9POm9qoOaJbqRmnNL2viaF+d+Paf2blPSlm1JSnqn7hlRjio+40nZJ9TKzw==",
            "dependencies": {
                "@babel/runtime": "^7.18.6",
                "@codemirror/commands": "^6.1.0",
                "@codemirror/state": "^6.1.1",
                "@codemirror/theme-one-dark": "^6.0.0",
                "@uiw/codemirror-extensions-basic-setup": "4.21.21",
                "codemirror": "^6.0.0"
            },
            "funding": {
                "url": "https://jaywcjlove.github.io/#/sponsor"
            },
            "peerDependencies": {
                "@babel/runtime": ">=7.11.0",
                "@codemirror/state": ">=6.0.0",
                "@codemirror/theme-one-dark": ">=6.0.0",
                "@codemirror/view": ">=6.0.0",
                "codemirror": ">=6.0.0",
                "react": ">=16.8.0",
                "react-dom": ">=16.8.0"
            }
        },
        "node_modules/codemirror": {
            "version": "6.0.1",
            "resolved": "https://registry.npmjs.org/codemirror/-/codemirror-6.0.1.tgz",
            "integrity": "sha512-J8j+nZ+CdWmIeFIGXEFbFPtpiYacFMDR8GlHK3IyHQJMCaVRfGx9NT+Hxivv1ckLWPvNdZqndbr/7lVhrf/Svg==",
            "dependencies": {
                "@codemirror/autocomplete": "^6.0.0",
                "@codemirror/commands": "^6.0.0",
                "@codemirror/language": "^6.0.0",
                "@codemirror/lint": "^6.0.0",
                "@codemirror/search": "^6.0.0",
                "@codemirror/state": "^6.0.0",
                "@codemirror/view": "^6.0.0"
            }
        },
        "node_modules/crelt": {
            "version": "1.0.6",
            "resolved": "https://registry.npmjs.org/crelt/-/crelt-1.0.6.tgz",
            "integrity": "sha512-VQ2MBenTq1fWZUH9DJNGti7kKv6EeAuYr3cLwxUWhIu1baTaXh4Ib5W2CqHVqib4/MqbYGJqiL3Zb8GJZr3l4g=="
        },
        "node_modules/csstype": {
            "version": "3.1.3",
            "resolved": "https://registry.npmjs.org/csstype/-/csstype-3.1.3.tgz",
            "integrity": "sha512-M1uQkMl8rQK/szD0LNhtqxIPLpimGm8sOBwU7lLnCpSbTyY3yeU1Vc7l4KT5zT4s/yOxHH5O7tIuuLOCnLADRw==",
            "dev": true
        },
        "node_modules/js-tokens": {
            "version": "4.0.0",
            "resolved": "https://registry.npmjs.org/js-tokens/-/js-tokens-4.0.0.tgz",
            "integrity": "sha512-RdJUflcE3cUzKiMqQgsCu06FPu9UdIJO0beYbPhHN4k6apgJtifcoCtT9bcxOpYBtpD2kCM6Sbzg4CausW/PKQ=="
        },
        "node_modules/loose-envify": {
            "version": "1.4.0",
            "resolved": "https://registry.npmjs.org/loose-envify/-/loose-envify-1.4.0.tgz",
            "integrity": "sha512-lyuxPGr/Wfhrlem2CL/UcnUc1zcqKAImBDzukY7Y5F/yQiNdko6+fRLevlw1HgMySw7f611UIY408EtxRSoK3Q==",
            "dependencies": {
                "js-tokens": "^3.0.0 || ^4.0.0"
            },
            "bin": {
                "loose-envify": "cli.js"
            }
        },
        "node_modules/react": {
            "version": "18.2.0",
            "resolved": "https://registry.npmjs.org/react/-/react-18.2.0.tgz",
            "integrity": "sha512-/3IjMdb2L9QbBdWiW5e3P2/npwMBaU9mHCSCUzNln0ZCYbcfTsGbTJrU/kGemdH2IWmB2ioZ+zkxtmq6g09fGQ==",
            "dependencies": {
                "loose-envify": "^1.1.0"
            },
            "engines": {
                "node": ">=0.10.0"
            }
        },
        "node_modules/react-dom": {
            "version": "18.2.0",
            "resolved": "https://registry.npmjs.org/react-dom/-/react-dom-18.2.0.tgz",
            "integrity": "sha512-6IMTriUmvsjHUjNtEDudZfuDQUoWXVxKHhlEGSk81n4YFS+r/Kl99wXiwlVXtPBtJenozv2P+hxDsw9eA7Xo6g==",
            "dependencies": {
                "loose-envify": "^1.1.0",
                "scheduler": "^0.23.0"
            },
            "peerDependencies": {
                "react": "^18.2.0"
            }
        },
        "node_modules/regenerator-runtime": {
            "version": "0.14.0",
            "resolved": "https://registry.npmjs.org/regenerator-runtime/-/regenerator-runtime-0.14.0.tgz",
            "integrity": "sha512-srw17NI0TUWHuGa5CFGGmhfNIeja30WMBfbslPNhf6JrqQlLN5gcrvig1oqPxiVaXb0oW0XRKtH6Nngs5lKCIA=="
        },
        "node_modules/scheduler": {
            "version": "0.23.0",
            "resolved": "https://registry.npmjs.org/scheduler/-/scheduler-0.23.0.tgz",
            "integrity": "sha512-CtuThmgHNg7zIZWAXi3AsyIzA3n4xx7aNyjwC2VJldO2LMVDhFK+63xGqq6CsJH4rTAt6/M+N4GhZiDYPx9eUw==",
            "dependencies": {
                "loose-envify": "^1.1.0"
            }
        },
        "node_modules/style-mod": {
            "version": "4.1.0",
            "resolved": "https://registry.npmjs.org/style-mod/-/style-mod-4.1.0.tgz",
            "integrity": "sha512-Ca5ib8HrFn+f+0n4N4ScTIA9iTOQ7MaGS1ylHcoVqW9J7w2w8PzN6g9gKmTYgGEBH8e120+RCmhpje6jC5uGWA=="
        },
        "node_modules/typescript": {
            "version": "5.3.3",
            "resolved": "https://registry.npmjs.org/typescript/-/typescript-5.3.3.tgz",
            "integrity": "sha512-pXWcraxM0uxAS+tN0AG/BF2TyqmHO014Z070UsJ+pFvYuRSq8KH8DmWpnbXe0pEPDHXZV3FcAbJkijJ5oNEnWw==",
            "dev": true,
            "bin": {
                "tsc": "bin/tsc",
                "tsserver": "bin/tsserver"
            },
            "engines": {
                "node": ">=14.17"
            }
        },
        "node_modules/w3c-keyname": {
            "version": "2.2.8",
            "resolved": "https://registry.npmjs.org/w3c-keyname/-/w3c-keyname-2.2.8.tgz",
            "integrity": "sha512-dpojBhNsCNN7T82Tm7k26A6G9ML3NkhDsnw9n/eoxSRlVBB4CEtIQ/KTCLI2Fwf3ataSXRhYFkQi3SlnFwPvPQ=="
        }
    }
}
